
Microsoft Visual Studio Solution File, Format Version 12.00
# Visual Studio 2013
VisualStudioVersion = 12.0.21005.1
MinimumVisualStudioVersion = 10.0.40219.1
Project("{FAE04EC0-301F-11D3-BF4B-00C04F79EFBC}") = "03.Star", "03.Star\03.Star.csproj", "{4FCCA486-8590-40C6-87D4-AE1D1621E32A}"
EndProject
Project("{FAE04EC0-301F-11D3-BF4B-00C04F79EFBC}") = "04.WinningNumbers", "04.WinningNumbers\04.WinningNumbers.csproj", "{9A9BEEAA-B8E0-4AD8-9EBA-4908534468A7}"
EndProject
Project("{FAE04EC0-301F-11D3-BF4B-00C04F79EFBC}") = "XBits", "XBits\XBits.csproj", "{5768B816-AB22-4444-BFCF-AB9FD5E87654}"
EndProject
Project("{FAE04EC0-301F-11D3-BF4B-00C04F79EFBC}") = "Jumping Sums", "Jumping Sums\Jumping Sums.csproj", "{7B6C8196-9298-4992-BE8B-CF06D5133D1F}"
EndProject
Global
	GlobalSection(SolutionConfigurationPlatforms) = preSolution
		Debug|Any CPU = Debug|Any CPU
		Release|Any CPU = Release|Any CPU
	EndGlobalSection
	GlobalSection(ProjectConfigurationPlatforms) = postSolution
		{4FCCA486-8590-40C6-87D4-AE1D1621E32A}.Debug|Any CPU.ActiveCfg = Debug|Any CPU
		{4FCCA486-8590-40C6-87D4-AE1D1621E32A}.Debug|Any CPU.Build.0 = Debug|Any CPU
		{4FCCA486-8590-40C6-87D4-AE1D1621E32A}.Release|Any CPU.ActiveCfg = Release|Any CPU
		{4FCCA486-8590-40C6-87D4-AE1D1621E32A}.Release|Any CPU.Build.0 = Release|Any CPU
		{9A9BEEAA-B8E0-4AD8-9EBA-4908534468A7}.Debug|Any CPU.ActiveCfg = Debug|Any CPU
		{9A9BEEAA-B8E0-4AD8-9EBA-4908534468A7}.Debug|Any CPU.Build.0 = Debug|Any CPU
		{9A9BEEAA-B8E0-4AD8-9EBA-4908534468A7}.Release|Any CPU.ActiveCfg = Release|Any CPU
		{9A9BEEAA-B8E0-4AD8-9EBA-4908534468A7}.Release|Any CPU.Build.0 = Release|Any CPU
		{5768B816-AB22-4444-BFCF-AB9FD5E87654}.Debug|Any CPU.ActiveCfg = Debug|Any CPU
		{5768B816-AB22-4444-BFCF-AB9FD5E87654}.Debug|Any CPU.Build.0 = Debug|Any CPU
		{5768B816-AB22-4444-BFCF-AB9FD5E87654}.Release|Any CPU.ActiveCfg = Release|Any CPU
		{5768B816-AB22-4444-BFCF-AB9FD5E87654}.Release|Any CPU.Build.0 = Release|Any CPU
		{7B6C8196-9298-4992-BE8B-CF06D5133D1F}.Debug|Any CPU.ActiveCfg = Debug|Any CPU
		{7B6C8196-9298-4992-BE8B-CF06D5133D1F}.Debug|Any CPU.Build.0 = Debug|Any CPU
		{7B6C8196-9298-4992-BE8B-CF06D5133D1F}.Release|Any CPU.ActiveCfg = Release|Any CPU
		{7B6C8196-9298-4992-BE8B-CF06D5133D1F}.Release|Any CPU.Build.0 = Release|Any CPU
	EndGlobalSection
	GlobalSection(SolutionProperties) = preSolution
		HideSolutionNode = FALSE
	EndGlobalSection
EndGlobal
